
Microsoft Visual Studio Solution File, Format Version 12.00
# Visual Studio 2013
VisualStudioVersion = 12.0.40629.0
MinimumVisualStudioVersion = 10.0.40219.1
Project("{FAE04EC0-301F-11D3-BF4B-00C04F79EFBC}") = "Game.Core", "Game.Core\Game.Core.csproj", "{F733DD0F-E0C4-408E-A7BF-9FCA91FB94C3}"
EndProject
Project("{FAE04EC0-301F-11D3-BF4B-00C04F79EFBC}") = "Game.Core.Tests", "Game.Core.Tests\Game.Core.Tests.csproj", "{E7C46AB4-775B-4402-B19A-0407AAB44172}"
EndProject
Project("{FAE04EC0-301F-11D3-BF4B-00C04F79EFBC}") = "Minesweeper", "Minesweeper\Minesweeper.csproj", "{64A9CAEB-636C-431D-8774-5B3C195752C5}"
EndProject
Global
	GlobalSection(SolutionConfigurationPlatforms) = preSolution
		Debug|Any CPU = Debug|Any CPU
		Release|Any CPU = Release|Any CPU
	EndGlobalSection
	GlobalSection(ProjectConfigurationPlatforms) = postSolution
		{F733DD0F-E0C4-408E-A7BF-9FCA91FB94C3}.Debug|Any CPU.ActiveCfg = Debug|Any CPU
		{F733DD0F-E0C4-408E-A7BF-9FCA91FB94C3}.Debug|Any CPU.Build.0 = Debug|Any CPU
		{F733DD0F-E0C4-408E-A7BF-9FCA91FB94C3}.Release|Any CPU.ActiveCfg = Release|Any CPU
		{F733DD0F-E0C4-408E-A7BF-9FCA91FB94C3}.Release|Any CPU.Build.0 = Release|Any CPU
		{E7C46AB4-775B-4402-B19A-0407AAB44172}.Debug|Any CPU.ActiveCfg = Debug|Any CPU
		{E7C46AB4-775B-4402-B19A-0407AAB44172}.Debug|Any CPU.Build.0 = Debug|Any CPU
		{E7C46AB4-775B-4402-B19A-0407AAB44172}.Release|Any CPU.ActiveCfg = Release|Any CPU
		{E7C46AB4-775B-4402-B19A-0407AAB44172}.Release|Any CPU.Build.0 = Release|Any CPU
		{64A9CAEB-636C-431D-8774-5B3C195752C5}.Debug|Any CPU.ActiveCfg = Debug|Any CPU
		{64A9CAEB-636C-431D-8774-5B3C195752C5}.Debug|Any CPU.Build.0 = Debug|Any CPU
		{64A9CAEB-636C-431D-8774-5B3C195752C5}.Release|Any CPU.ActiveCfg = Release|Any CPU
		{64A9CAEB-636C-431D-8774-5B3C195752C5}.Release|Any CPU.Build.0 = Release|Any CPU
	EndGlobalSection
	GlobalSection(SolutionProperties) = preSolution
		HideSolutionNode = FALSE
	EndGlobalSection
EndGlobal
